// !$*UTF8*$!
{
	archiveVersion = 1;
	classes = {
	};
	objectVersion = 48;
	objects = {

/* Begin PBXBuildFile section */
		9D4C150B206C25410086D15B /* Assets.xcassets in Resources */ = {isa = PBXBuildFile; fileRef = 9D4C150A206C25410086D15B /* Assets.xcassets */; };
		9D4C150D206C2E910086D15B /* AddANewPropertyViewController.swift in Sources */ = {isa = PBXBuildFile; fileRef = 9D4C150C206C2E910086D15B /* AddANewPropertyViewController.swift */; };
		9D4C150F206C2EBE0086D15B /* LocationSearchTable.swift in Sources */ = {isa = PBXBuildFile; fileRef = 9D4C150E206C2EBE0086D15B /* LocationSearchTable.swift */; };
		9D4C1511206C2F110086D15B /* Nikhil.storyboard in Resources */ = {isa = PBXBuildFile; fileRef = 9D4C1510206C2F110086D15B /* Nikhil.storyboard */; };
		9D4C1513206C4A160086D15B /* Chat.swift in Sources */ = {isa = PBXBuildFile; fileRef = 9D4C1512206C4A160086D15B /* Chat.swift */; };
		9D4C1515206C4A260086D15B /* Chatter.swift in Sources */ = {isa = PBXBuildFile; fileRef = 9D4C1514206C4A260086D15B /* Chatter.swift */; };
		9D4C1517206C4A3A0086D15B /* ChatClass.swift in Sources */ = {isa = PBXBuildFile; fileRef = 9D4C1516206C4A3A0086D15B /* ChatClass.swift */; };
		9D5A03312065923900F62486 /* MainPageStoryboard.storyboard in Resources */ = {isa = PBXBuildFile; fileRef = 9D5A03302065923900F62486 /* MainPageStoryboard.storyboard */; };
		9D5A03332065936800F62486 /* PropertiesController.swift in Sources */ = {isa = PBXBuildFile; fileRef = 9D5A03322065936800F62486 /* PropertiesController.swift */; };
		9D5A033520671C0000F62486 /* PropertiesCell.swift in Sources */ = {isa = PBXBuildFile; fileRef = 9D5A033420671C0000F62486 /* PropertiesCell.swift */; };
		9D5A033720671F5A00F62486 /* Property.swift in Sources */ = {isa = PBXBuildFile; fileRef = 9D5A033620671F5A00F62486 /* Property.swift */; };
		9D5A03392069AEE200F62486 /* PropertyDetailController.swift in Sources */ = {isa = PBXBuildFile; fileRef = 9D5A03382069AEE200F62486 /* PropertyDetailController.swift */; };
		9D5A033B2069B8F500F62486 /* ProfileViewController.swift in Sources */ = {isa = PBXBuildFile; fileRef = 9D5A033A2069B8F500F62486 /* ProfileViewController.swift */; };
		9D5A033D2069B90000F62486 /* RegisterViewController.swift in Sources */ = {isa = PBXBuildFile; fileRef = 9D5A033C2069B90000F62486 /* RegisterViewController.swift */; };
		9D5A033F2069B95200F62486 /* ForgotPasswordViewController.swift in Sources */ = {isa = PBXBuildFile; fileRef = 9D5A033E2069B95200F62486 /* ForgotPasswordViewController.swift */; };
		9D5A03412069BCCB00F62486 /* LoginViewController.swift in Sources */ = {isa = PBXBuildFile; fileRef = 9D5A03402069BCCB00F62486 /* LoginViewController.swift */; };
		9D5A03492069C3D500F62486 /* CustomTabControllerViewController.swift in Sources */ = {isa = PBXBuildFile; fileRef = 9D5A03482069C3D500F62486 /* CustomTabControllerViewController.swift */; };
		9D5A034B206C20E900F62486 /* ChatUser.swift in Sources */ = {isa = PBXBuildFile; fileRef = 9D5A034A206C20E900F62486 /* ChatUser.swift */; };
		9DD9BA57202BC14C0019E7F1 /* AppDelegate.swift in Sources */ = {isa = PBXBuildFile; fileRef = 9DD9BA56202BC14C0019E7F1 /* AppDelegate.swift */; };
		9DD9BA59202BC14C0019E7F1 /* ViewController.swift in Sources */ = {isa = PBXBuildFile; fileRef = 9DD9BA58202BC14C0019E7F1 /* ViewController.swift */; };
		9DD9BA5C202BC14C0019E7F1 /* Main.storyboard in Resources */ = {isa = PBXBuildFile; fileRef = 9DD9BA5A202BC14C0019E7F1 /* Main.storyboard */; };
		9DD9BA5F202BC14C0019E7F1 /* Storagen.xcdatamodeld in Sources */ = {isa = PBXBuildFile; fileRef = 9DD9BA5D202BC14C0019E7F1 /* Storagen.xcdatamodeld */; };
		9DD9BA6F202BC14C0019E7F1 /* StoragenTests.swift in Sources */ = {isa = PBXBuildFile; fileRef = 9DD9BA6E202BC14C0019E7F1 /* StoragenTests.swift */; };
		9DD9BA7A202BC14C0019E7F1 /* StoragenUITests.swift in Sources */ = {isa = PBXBuildFile; fileRef = 9DD9BA79202BC14C0019E7F1 /* StoragenUITests.swift */; };
		A397709CC577EC5486364B70 /* Pods_StoragenUITests.framework in Frameworks */ = {isa = PBXBuildFile; fileRef = 0FC6728A0C5E21B855FA21F4 /* Pods_StoragenUITests.framework */; };
		AFA4E1F92936737C2A789868 /* Pods_Storagen.framework in Frameworks */ = {isa = PBXBuildFile; fileRef = B9801BE5043C0E0B4D925766 /* Pods_Storagen.framework */; };
		D598AA582044D65500AE3520 /* GoogleService-Info.plist in Resources */ = {isa = PBXBuildFile; fileRef = D598AA572044D65500AE3520 /* GoogleService-Info.plist */; };
		ED4607B75B64CC3E5865B864 /* Pods_StoragenTests.framework in Frameworks */ = {isa = PBXBuildFile; fileRef = 604DF38216F30E9AED72B6AA /* Pods_StoragenTests.framework */; };
/* End PBXBuildFile section */

/* Begin PBXContainerItemProxy section */
		9DD9BA6B202BC14C0019E7F1 /* PBXContainerItemProxy */ = {
			isa = PBXContainerItemProxy;
			containerPortal = 9DD9BA4B202BC14C0019E7F1 /* Project object */;
			proxyType = 1;
			remoteGlobalIDString = 9DD9BA52202BC14C0019E7F1;
			remoteInfo = Storagen;
		};
		9DD9BA76202BC14C0019E7F1 /* PBXContainerItemProxy */ = {
			isa = PBXContainerItemProxy;
			containerPortal = 9DD9BA4B202BC14C0019E7F1 /* Project object */;
			proxyType = 1;
			remoteGlobalIDString = 9DD9BA52202BC14C0019E7F1;
			remoteInfo = Storagen;
		};
/* End PBXContainerItemProxy section */

/* Begin PBXFileReference section */
		0FC6728A0C5E21B855FA21F4 /* Pods_StoragenUITests.framework */ = {isa = PBXFileReference; explicitFileType = wrapper.framework; includeInIndex = 0; path = Pods_StoragenUITests.framework; sourceTree = BUILT_PRODUCTS_DIR; };
		2B16827C36D151C2245AB2AA /* Pods-StoragenUITests.debug.xcconfig */ = {isa = PBXFileReference; includeInIndex = 1; lastKnownFileType = text.xcconfig; name = "Pods-StoragenUITests.debug.xcconfig"; path = "Pods/Target Support Files/Pods-StoragenUITests/Pods-StoragenUITests.debug.xcconfig"; sourceTree = "<group>"; };
		2D9BB41EA3AB461B39ED8674 /* Pods-StoragenTests.debug.xcconfig */ = {isa = PBXFileReference; includeInIndex = 1; lastKnownFileType = text.xcconfig; name = "Pods-StoragenTests.debug.xcconfig"; path = "Pods/Target Support Files/Pods-StoragenTests/Pods-StoragenTests.debug.xcconfig"; sourceTree = "<group>"; };
		604DF38216F30E9AED72B6AA /* Pods_StoragenTests.framework */ = {isa = PBXFileReference; explicitFileType = wrapper.framework; includeInIndex = 0; path = Pods_StoragenTests.framework; sourceTree = BUILT_PRODUCTS_DIR; };
		926170DAB081F5DD3D22FA7E /* Pods-Storagen.debug.xcconfig */ = {isa = PBXFileReference; includeInIndex = 1; lastKnownFileType = text.xcconfig; name = "Pods-Storagen.debug.xcconfig"; path = "Pods/Target Support Files/Pods-Storagen/Pods-Storagen.debug.xcconfig"; sourceTree = "<group>"; };
		9D4C150A206C25410086D15B /* Assets.xcassets */ = {isa = PBXFileReference; lastKnownFileType = folder.assetcatalog; path = Assets.xcassets; sourceTree = "<group>"; };
		9D4C150C206C2E910086D15B /* AddANewPropertyViewController.swift */ = {isa = PBXFileReference; lastKnownFileType = sourcecode.swift; path = AddANewPropertyViewController.swift; sourceTree = "<group>"; };
		9D4C150E206C2EBE0086D15B /* LocationSearchTable.swift */ = {isa = PBXFileReference; lastKnownFileType = sourcecode.swift; path = LocationSearchTable.swift; sourceTree = "<group>"; };
		9D4C1510206C2F110086D15B /* Nikhil.storyboard */ = {isa = PBXFileReference; lastKnownFileType = file.storyboard; path = Nikhil.storyboard; sourceTree = "<group>"; };
		9D4C1512206C4A160086D15B /* Chat.swift */ = {isa = PBXFileReference; lastKnownFileType = sourcecode.swift; path = Chat.swift; sourceTree = "<group>"; };
		9D4C1514206C4A260086D15B /* Chatter.swift */ = {isa = PBXFileReference; lastKnownFileType = sourcecode.swift; path = Chatter.swift; sourceTree = "<group>"; };
		9D4C1516206C4A3A0086D15B /* ChatClass.swift */ = {isa = PBXFileReference; lastKnownFileType = sourcecode.swift; path = ChatClass.swift; sourceTree = "<group>"; };
		9D5A03302065923900F62486 /* MainPageStoryboard.storyboard */ = {isa = PBXFileReference; lastKnownFileType = file.storyboard; path = MainPageStoryboard.storyboard; sourceTree = "<group>"; };
		9D5A03322065936800F62486 /* PropertiesController.swift */ = {isa = PBXFileReference; lastKnownFileType = sourcecode.swift; path = PropertiesController.swift; sourceTree = "<group>"; };
		9D5A033420671C0000F62486 /* PropertiesCell.swift */ = {isa = PBXFileReference; lastKnownFileType = sourcecode.swift; path = PropertiesCell.swift; sourceTree = "<group>"; };
		9D5A033620671F5A00F62486 /* Property.swift */ = {isa = PBXFileReference; lastKnownFileType = sourcecode.swift; path = Property.swift; sourceTree = "<group>"; };
		9D5A03382069AEE200F62486 /* PropertyDetailController.swift */ = {isa = PBXFileReference; lastKnownFileType = sourcecode.swift; path = PropertyDetailController.swift; sourceTree = "<group>"; };
		9D5A033A2069B8F500F62486 /* ProfileViewController.swift */ = {isa = PBXFileReference; lastKnownFileType = sourcecode.swift; path = ProfileViewController.swift; sourceTree = "<group>"; };
		9D5A033C2069B90000F62486 /* RegisterViewController.swift */ = {isa = PBXFileReference; lastKnownFileType = sourcecode.swift; path = RegisterViewController.swift; sourceTree = "<group>"; };
		9D5A033E2069B95200F62486 /* ForgotPasswordViewController.swift */ = {isa = PBXFileReference; lastKnownFileType = sourcecode.swift; path = ForgotPasswordViewController.swift; sourceTree = "<group>"; };
		9D5A03402069BCCB00F62486 /* LoginViewController.swift */ = {isa = PBXFileReference; lastKnownFileType = sourcecode.swift; path = LoginViewController.swift; sourceTree = "<group>"; };
		9D5A03482069C3D500F62486 /* CustomTabControllerViewController.swift */ = {isa = PBXFileReference; lastKnownFileType = sourcecode.swift; path = CustomTabControllerViewController.swift; sourceTree = "<group>"; };
		9D5A034A206C20E900F62486 /* ChatUser.swift */ = {isa = PBXFileReference; lastKnownFileType = sourcecode.swift; path = ChatUser.swift; sourceTree = "<group>"; };
		9DD9BA53202BC14C0019E7F1 /* Storagen.app */ = {isa = PBXFileReference; explicitFileType = wrapper.application; includeInIndex = 0; path = Storagen.app; sourceTree = BUILT_PRODUCTS_DIR; };
		9DD9BA56202BC14C0019E7F1 /* AppDelegate.swift */ = {isa = PBXFileReference; lastKnownFileType = sourcecode.swift; path = AppDelegate.swift; sourceTree = "<group>"; };
		9DD9BA58202BC14C0019E7F1 /* ViewController.swift */ = {isa = PBXFileReference; lastKnownFileType = sourcecode.swift; path = ViewController.swift; sourceTree = "<group>"; };
		9DD9BA5B202BC14C0019E7F1 /* Base */ = {isa = PBXFileReference; lastKnownFileType = file.storyboard; name = Base; path = Base.lproj/Main.storyboard; sourceTree = "<group>"; };
		9DD9BA5E202BC14C0019E7F1 /* Storagen.xcdatamodel */ = {isa = PBXFileReference; lastKnownFileType = wrapper.xcdatamodel; path = Storagen.xcdatamodel; sourceTree = "<group>"; };
		9DD9BA65202BC14C0019E7F1 /* Info.plist */ = {isa = PBXFileReference; lastKnownFileType = text.plist.xml; path = Info.plist; sourceTree = "<group>"; };
		9DD9BA6A202BC14C0019E7F1 /* StoragenTests.xctest */ = {isa = PBXFileReference; explicitFileType = wrapper.cfbundle; includeInIndex = 0; path = StoragenTests.xctest; sourceTree = BUILT_PRODUCTS_DIR; };
		9DD9BA6E202BC14C0019E7F1 /* StoragenTests.swift */ = {isa = PBXFileReference; lastKnownFileType = sourcecode.swift; path = StoragenTests.swift; sourceTree = "<group>"; };
		9DD9BA70202BC14C0019E7F1 /* Info.plist */ = {isa = PBXFileReference; lastKnownFileType = text.plist.xml; path = Info.plist; sourceTree = "<group>"; };
		9DD9BA75202BC14C0019E7F1 /* StoragenUITests.xctest */ = {isa = PBXFileReference; explicitFileType = wrapper.cfbundle; includeInIndex = 0; path = StoragenUITests.xctest; sourceTree = BUILT_PRODUCTS_DIR; };
		9DD9BA79202BC14C0019E7F1 /* StoragenUITests.swift */ = {isa = PBXFileReference; lastKnownFileType = sourcecode.swift; path = StoragenUITests.swift; sourceTree = "<group>"; };
		9DD9BA7B202BC14C0019E7F1 /* Info.plist */ = {isa = PBXFileReference; lastKnownFileType = text.plist.xml; path = Info.plist; sourceTree = "<group>"; };
		AE002AEB0BC7088C923B5D9E /* Pods-Storagen.release.xcconfig */ = {isa = PBXFileReference; includeInIndex = 1; lastKnownFileType = text.xcconfig; name = "Pods-Storagen.release.xcconfig"; path = "Pods/Target Support Files/Pods-Storagen/Pods-Storagen.release.xcconfig"; sourceTree = "<group>"; };
		B9801BE5043C0E0B4D925766 /* Pods_Storagen.framework */ = {isa = PBXFileReference; explicitFileType = wrapper.framework; includeInIndex = 0; path = Pods_Storagen.framework; sourceTree = BUILT_PRODUCTS_DIR; };
		C22FB9E4C1539FF5B8340142 /* Pods-StoragenTests.release.xcconfig */ = {isa = PBXFileReference; includeInIndex = 1; lastKnownFileType = text.xcconfig; name = "Pods-StoragenTests.release.xcconfig"; path = "Pods/Target Support Files/Pods-StoragenTests/Pods-StoragenTests.release.xcconfig"; sourceTree = "<group>"; };
		D4CEA9843F1699185412C75E /* Pods-StoragenUITests.release.xcconfig */ = {isa = PBXFileReference; includeInIndex = 1; lastKnownFileType = text.xcconfig; name = "Pods-StoragenUITests.release.xcconfig"; path = "Pods/Target Support Files/Pods-StoragenUITests/Pods-StoragenUITests.release.xcconfig"; sourceTree = "<group>"; };
		D598AA572044D65500AE3520 /* GoogleService-Info.plist */ = {isa = PBXFileReference; fileEncoding = 4; lastKnownFileType = text.plist.xml; path = "GoogleService-Info.plist"; sourceTree = "<group>"; };
/* End PBXFileReference section */

/* Begin PBXFrameworksBuildPhase section */
		9DD9BA50202BC14C0019E7F1 /* Frameworks */ = {
			isa = PBXFrameworksBuildPhase;
			buildActionMask = 2147483647;
			files = (
				AFA4E1F92936737C2A789868 /* Pods_Storagen.framework in Frameworks */,
			);
			runOnlyForDeploymentPostprocessing = 0;
		};
		9DD9BA67202BC14C0019E7F1 /* Frameworks */ = {
			isa = PBXFrameworksBuildPhase;
			buildActionMask = 2147483647;
			files = (
				ED4607B75B64CC3E5865B864 /* Pods_StoragenTests.framework in Frameworks */,
			);
			runOnlyForDeploymentPostprocessing = 0;
		};
		9DD9BA72202BC14C0019E7F1 /* Frameworks */ = {
			isa = PBXFrameworksBuildPhase;
			buildActionMask = 2147483647;
			files = (
				A397709CC577EC5486364B70 /* Pods_StoragenUITests.framework in Frameworks */,
			);
			runOnlyForDeploymentPostprocessing = 0;
		};
/* End PBXFrameworksBuildPhase section */

/* Begin PBXGroup section */
		25F7E9017113F02D0E115120 /* Pods */ = {
			isa = PBXGroup;
			children = (
				926170DAB081F5DD3D22FA7E /* Pods-Storagen.debug.xcconfig */,
				AE002AEB0BC7088C923B5D9E /* Pods-Storagen.release.xcconfig */,
				2D9BB41EA3AB461B39ED8674 /* Pods-StoragenTests.debug.xcconfig */,
				C22FB9E4C1539FF5B8340142 /* Pods-StoragenTests.release.xcconfig */,
				2B16827C36D151C2245AB2AA /* Pods-StoragenUITests.debug.xcconfig */,
				D4CEA9843F1699185412C75E /* Pods-StoragenUITests.release.xcconfig */,
			);
			name = Pods;
			sourceTree = "<group>";
		};
		46D95D4A0950B7F52DC695F8 /* Frameworks */ = {
			isa = PBXGroup;
			children = (
				B9801BE5043C0E0B4D925766 /* Pods_Storagen.framework */,
				604DF38216F30E9AED72B6AA /* Pods_StoragenTests.framework */,
				0FC6728A0C5E21B855FA21F4 /* Pods_StoragenUITests.framework */,
			);
			name = Frameworks;
			sourceTree = "<group>";
		};
		9DD9BA4A202BC14C0019E7F1 = {
			isa = PBXGroup;
			children = (
				9DD9BA55202BC14C0019E7F1 /* Storagen */,
				9DD9BA6D202BC14C0019E7F1 /* StoragenTests */,
				9DD9BA78202BC14C0019E7F1 /* StoragenUITests */,
				9DD9BA54202BC14C0019E7F1 /* Products */,
				25F7E9017113F02D0E115120 /* Pods */,
				46D95D4A0950B7F52DC695F8 /* Frameworks */,
			);
			sourceTree = "<group>";
		};
		9DD9BA54202BC14C0019E7F1 /* Products */ = {
			isa = PBXGroup;
			children = (
				9DD9BA53202BC14C0019E7F1 /* Storagen.app */,
				9DD9BA6A202BC14C0019E7F1 /* StoragenTests.xctest */,
				9DD9BA75202BC14C0019E7F1 /* StoragenUITests.xctest */,
			);
			name = Products;
			sourceTree = "<group>";
		};
		9DD9BA55202BC14C0019E7F1 /* Storagen */ = {
			isa = PBXGroup;
			children = (
				9D4C150A206C25410086D15B /* Assets.xcassets */,
				9DD9BA56202BC14C0019E7F1 /* AppDelegate.swift */,
				9DD9BA58202BC14C0019E7F1 /* ViewController.swift */,
				9DD9BA5A202BC14C0019E7F1 /* Main.storyboard */,
				9DD9BA65202BC14C0019E7F1 /* Info.plist */,
				D598AA572044D65500AE3520 /* GoogleService-Info.plist */,
				9DD9BA5D202BC14C0019E7F1 /* Storagen.xcdatamodeld */,
				9D5A03302065923900F62486 /* MainPageStoryboard.storyboard */,
				9D5A03322065936800F62486 /* PropertiesController.swift */,
				9D5A033420671C0000F62486 /* PropertiesCell.swift */,
				9D5A033620671F5A00F62486 /* Property.swift */,
				9D5A03382069AEE200F62486 /* PropertyDetailController.swift */,
				9D5A033A2069B8F500F62486 /* ProfileViewController.swift */,
				9D5A033C2069B90000F62486 /* RegisterViewController.swift */,
				9D5A033E2069B95200F62486 /* ForgotPasswordViewController.swift */,
				9D5A03402069BCCB00F62486 /* LoginViewController.swift */,
				9D5A03482069C3D500F62486 /* CustomTabControllerViewController.swift */,
				9D5A034A206C20E900F62486 /* ChatUser.swift */,
				9D4C150C206C2E910086D15B /* AddANewPropertyViewController.swift */,
				9D4C150E206C2EBE0086D15B /* LocationSearchTable.swift */,
				9D4C1510206C2F110086D15B /* Nikhil.storyboard */,
				9D4C1512206C4A160086D15B /* Chat.swift */,
				9D4C1514206C4A260086D15B /* Chatter.swift */,
				9D4C1516206C4A3A0086D15B /* ChatClass.swift */,
			);
			path = Storagen;
			sourceTree = "<group>";
		};
		9DD9BA6D202BC14C0019E7F1 /* StoragenTests */ = {
			isa = PBXGroup;
			children = (
				9DD9BA6E202BC14C0019E7F1 /* StoragenTests.swift */,
				9DD9BA70202BC14C0019E7F1 /* Info.plist */,
			);
			path = StoragenTests;
			sourceTree = "<group>";
		};
		9DD9BA78202BC14C0019E7F1 /* StoragenUITests */ = {
			isa = PBXGroup;
			children = (
				9DD9BA79202BC14C0019E7F1 /* StoragenUITests.swift */,
				9DD9BA7B202BC14C0019E7F1 /* Info.plist */,
			);
			path = StoragenUITests;
			sourceTree = "<group>";
		};
/* End PBXGroup section */

/* Begin PBXNativeTarget section */
		9DD9BA52202BC14C0019E7F1 /* Storagen */ = {
			isa = PBXNativeTarget;
			buildConfigurationList = 9DD9BA7E202BC14C0019E7F1 /* Build configuration list for PBXNativeTarget "Storagen" */;
			buildPhases = (
				61E084FC3CB9098ED0FBDD6C /* [CP] Check Pods Manifest.lock */,
				9DD9BA4F202BC14C0019E7F1 /* Sources */,
				9DD9BA50202BC14C0019E7F1 /* Frameworks */,
				9DD9BA51202BC14C0019E7F1 /* Resources */,
				30DCE28A8E1785B469113658 /* [CP] Embed Pods Frameworks */,
				A8A6443F387AFDD41AFFEA4E /* [CP] Copy Pods Resources */,
			);
			buildRules = (
			);
			dependencies = (
			);
			name = Storagen;
			productName = Storagen;
			productReference = 9DD9BA53202BC14C0019E7F1 /* Storagen.app */;
			productType = "com.apple.product-type.application";
		};
		9DD9BA69202BC14C0019E7F1 /* StoragenTests */ = {
			isa = PBXNativeTarget;
			buildConfigurationList = 9DD9BA81202BC14C0019E7F1 /* Build configuration list for PBXNativeTarget "StoragenTests" */;
			buildPhases = (
				5151491BA4DDFAFBF8D9685B /* [CP] Check Pods Manifest.lock */,
				9DD9BA66202BC14C0019E7F1 /* Sources */,
				9DD9BA67202BC14C0019E7F1 /* Frameworks */,
				9DD9BA68202BC14C0019E7F1 /* Resources */,
				CCEE352B3F26F78C23EFE237 /* [CP] Embed Pods Frameworks */,
				759C6AFE212BFAE5E7DE8FCF /* [CP] Copy Pods Resources */,
			);
			buildRules = (
			);
			dependencies = (
				9DD9BA6C202BC14C0019E7F1 /* PBXTargetDependency */,
			);
			name = StoragenTests;
			productName = StoragenTests;
			productReference = 9DD9BA6A202BC14C0019E7F1 /* StoragenTests.xctest */;
			productType = "com.apple.product-type.bundle.unit-test";
		};
		9DD9BA74202BC14C0019E7F1 /* StoragenUITests */ = {
			isa = PBXNativeTarget;
			buildConfigurationList = 9DD9BA84202BC14C0019E7F1 /* Build configuration list for PBXNativeTarget "StoragenUITests" */;
			buildPhases = (
				387718C94B81EB46EC9576E9 /* [CP] Check Pods Manifest.lock */,
				9DD9BA71202BC14C0019E7F1 /* Sources */,
				9DD9BA72202BC14C0019E7F1 /* Frameworks */,
				9DD9BA73202BC14C0019E7F1 /* Resources */,
				594ED7DB3D937CF470DB60A3 /* [CP] Embed Pods Frameworks */,
				9175E54FD25252EF37ECD08E /* [CP] Copy Pods Resources */,
			);
			buildRules = (
			);
			dependencies = (
				9DD9BA77202BC14C0019E7F1 /* PBXTargetDependency */,
			);
			name = StoragenUITests;
			productName = StoragenUITests;
			productReference = 9DD9BA75202BC14C0019E7F1 /* StoragenUITests.xctest */;
			productType = "com.apple.product-type.bundle.ui-testing";
		};
/* End PBXNativeTarget section */

/* Begin PBXProject section */
		9DD9BA4B202BC14C0019E7F1 /* Project object */ = {
			isa = PBXProject;
			attributes = {
				LastSwiftUpdateCheck = 0920;
				LastUpgradeCheck = 0920;
				ORGANIZATIONNAME = "Kyle Ohanian";
				TargetAttributes = {
					9DD9BA52202BC14C0019E7F1 = {
						CreatedOnToolsVersion = 9.2;
						ProvisioningStyle = Automatic;
					};
					9DD9BA69202BC14C0019E7F1 = {
						CreatedOnToolsVersion = 9.2;
						ProvisioningStyle = Automatic;
						TestTargetID = 9DD9BA52202BC14C0019E7F1;
					};
					9DD9BA74202BC14C0019E7F1 = {
						CreatedOnToolsVersion = 9.2;
						ProvisioningStyle = Automatic;
						TestTargetID = 9DD9BA52202BC14C0019E7F1;
					};
				};
			};
			buildConfigurationList = 9DD9BA4E202BC14C0019E7F1 /* Build configuration list for PBXProject "Storagen" */;
			compatibilityVersion = "Xcode 8.0";
			developmentRegion = en;
			hasScannedForEncodings = 0;
			knownRegions = (
				en,
				Base,
			);
			mainGroup = 9DD9BA4A202BC14C0019E7F1;
			productRefGroup = 9DD9BA54202BC14C0019E7F1 /* Products */;
			projectDirPath = "";
			projectRoot = "";
			targets = (
				9DD9BA52202BC14C0019E7F1 /* Storagen */,
				9DD9BA69202BC14C0019E7F1 /* StoragenTests */,
				9DD9BA74202BC14C0019E7F1 /* StoragenUITests */,
			);
		};
/* End PBXProject section */

/* Begin PBXResourcesBuildPhase section */
		9DD9BA51202BC14C0019E7F1 /* Resources */ = {
			isa = PBXResourcesBuildPhase;
			buildActionMask = 2147483647;
			files = (
				9DD9BA5C202BC14C0019E7F1 /* Main.storyboard in Resources */,
				D598AA582044D65500AE3520 /* GoogleService-Info.plist in Resources */,
				9D4C150B206C25410086D15B /* Assets.xcassets in Resources */,
				9D5A03312065923900F62486 /* MainPageStoryboard.storyboard in Resources */,
				9D4C1511206C2F110086D15B /* Nikhil.storyboard in Resources */,
			);
			runOnlyForDeploymentPostprocessing = 0;
		};
		9DD9BA68202BC14C0019E7F1 /* Resources */ = {
			isa = PBXResourcesBuildPhase;
			buildActionMask = 2147483647;
			files = (
			);
			runOnlyForDeploymentPostprocessing = 0;
		};
		9DD9BA73202BC14C0019E7F1 /* Resources */ = {
			isa = PBXResourcesBuildPhase;
			buildActionMask = 2147483647;
			files = (
			);
			runOnlyForDeploymentPostprocessing = 0;
		};
/* End PBXResourcesBuildPhase section */

/* Begin PBXShellScriptBuildPhase section */
		30DCE28A8E1785B469113658 /* [CP] Embed Pods Frameworks */ = {
			isa = PBXShellScriptBuildPhase;
			buildActionMask = 2147483647;
			files = (
			);
			inputPaths = (
				"${SRCROOT}/Pods/Target Support Files/Pods-Storagen/Pods-Storagen-frameworks.sh",
				"${BUILT_PRODUCTS_DIR}/Alamofire/Alamofire.framework",
				"${BUILT_PRODUCTS_DIR}/AlamofireImage/AlamofireImage.framework",
				"${BUILT_PRODUCTS_DIR}/GTMSessionFetcher/GTMSessionFetcher.framework",
				"${BUILT_PRODUCTS_DIR}/GooglePlacesSearchController/GooglePlacesSearchController.framework",
				"${BUILT_PRODUCTS_DIR}/GoogleToolboxForMac/GoogleToolboxForMac.framework",
				"${BUILT_PRODUCTS_DIR}/LBTAComponents/LBTAComponents.framework",
				"${BUILT_PRODUCTS_DIR}/RSKPlaceholderTextView/RSKPlaceholderTextView.framework",
				"${BUILT_PRODUCTS_DIR}/SwiftyUUID/SwiftyUUID.framework",
				"${BUILT_PRODUCTS_DIR}/leveldb-library/leveldb.framework",
				"${BUILT_PRODUCTS_DIR}/nanopb/nanopb.framework",
			);
			name = "[CP] Embed Pods Frameworks";
			outputPaths = (
				"${TARGET_BUILD_DIR}/${FRAMEWORKS_FOLDER_PATH}/Alamofire.framework",
				"${TARGET_BUILD_DIR}/${FRAMEWORKS_FOLDER_PATH}/AlamofireImage.framework",
				"${TARGET_BUILD_DIR}/${FRAMEWORKS_FOLDER_PATH}/GTMSessionFetcher.framework",
				"${TARGET_BUILD_DIR}/${FRAMEWORKS_FOLDER_PATH}/GooglePlacesSearchController.framework",
				"${TARGET_BUILD_DIR}/${FRAMEWORKS_FOLDER_PATH}/GoogleToolboxForMac.framework",
				"${TARGET_BUILD_DIR}/${FRAMEWORKS_FOLDER_PATH}/LBTAComponents.framework",
				"${TARGET_BUILD_DIR}/${FRAMEWORKS_FOLDER_PATH}/RSKPlaceholderTextView.framework",
				"${TARGET_BUILD_DIR}/${FRAMEWORKS_FOLDER_PATH}/SwiftyUUID.framework",
				"${TARGET_BUILD_DIR}/${FRAMEWORKS_FOLDER_PATH}/leveldb.framework",
				"${TARGET_BUILD_DIR}/${FRAMEWORKS_FOLDER_PATH}/nanopb.framework",
			);
			runOnlyForDeploymentPostprocessing = 0;
			shellPath = /bin/sh;
			shellScript = "\"${SRCROOT}/Pods/Target Support Files/Pods-Storagen/Pods-Storagen-frameworks.sh\"\n";
			showEnvVarsInLog = 0;
		};
		387718C94B81EB46EC9576E9 /* [CP] Check Pods Manifest.lock */ = {
			isa = PBXShellScriptBuildPhase;
			buildActionMask = 2147483647;
			files = (
			);
			inputPaths = (
				"${PODS_PODFILE_DIR_PATH}/Podfile.lock",
				"${PODS_ROOT}/Manifest.lock",
			);
			name = "[CP] Check Pods Manifest.lock";
			outputPaths = (
				"$(DERIVED_FILE_DIR)/Pods-StoragenUITests-checkManifestLockResult.txt",
			);
			runOnlyForDeploymentPostprocessing = 0;
			shellPath = /bin/sh;
			shellScript = "diff \"${PODS_PODFILE_DIR_PATH}/Podfile.lock\" \"${PODS_ROOT}/Manifest.lock\" > /dev/null\nif [ $? != 0 ] ; then\n    # print error to STDERR\n    echo \"error: The sandbox is not in sync with the Podfile.lock. Run 'pod install' or update your CocoaPods installation.\" >&2\n    exit 1\nfi\n# This output is used by Xcode 'outputs' to avoid re-running this script phase.\necho \"SUCCESS\" > \"${SCRIPT_OUTPUT_FILE_0}\"\n";
			showEnvVarsInLog = 0;
		};
		5151491BA4DDFAFBF8D9685B /* [CP] Check Pods Manifest.lock */ = {
			isa = PBXShellScriptBuildPhase;
			buildActionMask = 2147483647;
			files = (
			);
			inputPaths = (
				"${PODS_PODFILE_DIR_PATH}/Podfile.lock",
				"${PODS_ROOT}/Manifest.lock",
			);
			name = "[CP] Check Pods Manifest.lock";
			outputPaths = (
				"$(DERIVED_FILE_DIR)/Pods-StoragenTests-checkManifestLockResult.txt",
			);
			runOnlyForDeploymentPostprocessing = 0;
			shellPath = /bin/sh;
			shellScript = "diff \"${PODS_PODFILE_DIR_PATH}/Podfile.lock\" \"${PODS_ROOT}/Manifest.lock\" > /dev/null\nif [ $? != 0 ] ; then\n    # print error to STDERR\n    echo \"error: The sandbox is not in sync with the Podfile.lock. Run 'pod install' or update your CocoaPods installation.\" >&2\n    exit 1\nfi\n# This output is used by Xcode 'outputs' to avoid re-running this script phase.\necho \"SUCCESS\" > \"${SCRIPT_OUTPUT_FILE_0}\"\n";
			showEnvVarsInLog = 0;
		};
		594ED7DB3D937CF470DB60A3 /* [CP] Embed Pods Frameworks */ = {
			isa = PBXShellScriptBuildPhase;
			buildActionMask = 2147483647;
			files = (
			);
			inputPaths = (
			);
			name = "[CP] Embed Pods Frameworks";
			outputPaths = (
			);
			runOnlyForDeploymentPostprocessing = 0;
			shellPath = /bin/sh;
			shellScript = "\"${SRCROOT}/Pods/Target Support Files/Pods-StoragenUITests/Pods-StoragenUITests-frameworks.sh\"\n";
			showEnvVarsInLog = 0;
		};
		61E084FC3CB9098ED0FBDD6C /* [CP] Check Pods Manifest.lock */ = {
			isa = PBXShellScriptBuildPhase;
			buildActionMask = 2147483647;
			files = (
			);
			inputPaths = (
				"${PODS_PODFILE_DIR_PATH}/Podfile.lock",
				"${PODS_ROOT}/Manifest.lock",
			);
			name = "[CP] Check Pods Manifest.lock";
			outputPaths = (
				"$(DERIVED_FILE_DIR)/Pods-Storagen-checkManifestLockResult.txt",
			);
			runOnlyForDeploymentPostprocessing = 0;
			shellPath = /bin/sh;
			shellScript = "diff \"${PODS_PODFILE_DIR_PATH}/Podfile.lock\" \"${PODS_ROOT}/Manifest.lock\" > /dev/null\nif [ $? != 0 ] ; then\n    # print error to STDERR\n    echo \"error: The sandbox is not in sync with the Podfile.lock. Run 'pod install' or update your CocoaPods installation.\" >&2\n    exit 1\nfi\n# This output is used by Xcode 'outputs' to avoid re-running this script phase.\necho \"SUCCESS\" > \"${SCRIPT_OUTPUT_FILE_0}\"\n";
			showEnvVarsInLog = 0;
		};
		759C6AFE212BFAE5E7DE8FCF /* [CP] Copy Pods Resources */ = {
			isa = PBXShellScriptBuildPhase;
			buildActionMask = 2147483647;
			files = (
			);
			inputPaths = (
			);
			name = "[CP] Copy Pods Resources";
			outputPaths = (
			);
			runOnlyForDeploymentPostprocessing = 0;
			shellPath = /bin/sh;
			shellScript = "\"${SRCROOT}/Pods/Target Support Files/Pods-StoragenTests/Pods-StoragenTests-resources.sh\"\n";
			showEnvVarsInLog = 0;
		};
		9175E54FD25252EF37ECD08E /* [CP] Copy Pods Resources */ = {
			isa = PBXShellScriptBuildPhase;
			buildActionMask = 2147483647;
			files = (
			);
			inputPaths = (
			);
			name = "[CP] Copy Pods Resources";
			outputPaths = (
			);
			runOnlyForDeploymentPostprocessing = 0;
			shellPath = /bin/sh;
			shellScript = "\"${SRCROOT}/Pods/Target Support Files/Pods-StoragenUITests/Pods-StoragenUITests-resources.sh\"\n";
			showEnvVarsInLog = 0;
		};
		A8A6443F387AFDD41AFFEA4E /* [CP] Copy Pods Resources */ = {
			isa = PBXShellScriptBuildPhase;
			buildActionMask = 2147483647;
			files = (
			);
			inputPaths = (
				"${SRCROOT}/Pods/Target Support Files/Pods-Storagen/Pods-Storagen-resources.sh",
				"${PODS_ROOT}/GooglePlaces/Frameworks/GooglePlaces.framework/Resources/GooglePlaces.bundle",
			);
			name = "[CP] Copy Pods Resources";
			outputPaths = (
				"${TARGET_BUILD_DIR}/${UNLOCALIZED_RESOURCES_FOLDER_PATH}/GooglePlaces.bundle",
			);
			runOnlyForDeploymentPostprocessing = 0;
			shellPath = /bin/sh;
			shellScript = "\"${SRCROOT}/Pods/Target Support Files/Pods-Storagen/Pods-Storagen-resources.sh\"\n";
			showEnvVarsInLog = 0;
		};
		CCEE352B3F26F78C23EFE237 /* [CP] Embed Pods Frameworks */ = {
			isa = PBXShellScriptBuildPhase;
			buildActionMask = 2147483647;
			files = (
			);
			inputPaths = (
			);
			name = "[CP] Embed Pods Frameworks";
			outputPaths = (
			);
			runOnlyForDeploymentPostprocessing = 0;
			shellPath = /bin/sh;
			shellScript = "\"${SRCROOT}/Pods/Target Support Files/Pods-StoragenTests/Pods-StoragenTests-frameworks.sh\"\n";
			showEnvVarsInLog = 0;
		};
/* End PBXShellScriptBuildPhase section */

/* Begin PBXSourcesBuildPhase section */
		9DD9BA4F202BC14C0019E7F1 /* Sources */ = {
			isa = PBXSourcesBuildPhase;
			buildActionMask = 2147483647;
			files = (
				9D5A03492069C3D500F62486 /* CustomTabControllerViewController.swift in Sources */,
				9D4C150D206C2E910086D15B /* AddANewPropertyViewController.swift in Sources */,
				9D4C1513206C4A160086D15B /* Chat.swift in Sources */,
				9D5A033D2069B90000F62486 /* RegisterViewController.swift in Sources */,
				9D4C150F206C2EBE0086D15B /* LocationSearchTable.swift in Sources */,
				9D5A033720671F5A00F62486 /* Property.swift in Sources */,
				9DD9BA59202BC14C0019E7F1 /* ViewController.swift in Sources */,
				9D4C1517206C4A3A0086D15B /* ChatClass.swift in Sources */,
				9D5A03332065936800F62486 /* PropertiesController.swift in Sources */,
				9D5A033520671C0000F62486 /* PropertiesCell.swift in Sources */,
				9DD9BA57202BC14C0019E7F1 /* AppDelegate.swift in Sources */,
				9D4C1515206C4A260086D15B /* Chatter.swift in Sources */,
				9D5A034B206C20E900F62486 /* ChatUser.swift in Sources */,
				9D5A033F2069B95200F62486 /* ForgotPasswordViewController.swift in Sources */,
				9D5A03392069AEE200F62486 /* PropertyDetailController.swift in Sources */,
				9D5A033B2069B8F500F62486 /* ProfileViewController.swift in Sources */,
				9DD9BA5F202BC14C0019E7F1 /* Storagen.xcdatamodeld in Sources */,
				9D5A03412069BCCB00F62486 /* LoginViewController.swift in Sources */,
			);
			runOnlyForDeploymentPostprocessing = 0;
		};
		9DD9BA66202BC14C0019E7F1 /* Sources */ = {
			isa = PBXSourcesBuildPhase;
			buildActionMask = 2147483647;
			files = (
				9DD9BA6F202BC14C0019E7F1 /* StoragenTests.swift in Sources */,
			);
			runOnlyForDeploymentPostprocessing = 0;
		};
		9DD9BA71202BC14C0019E7F1 /* Sources */ = {
			isa = PBXSourcesBuildPhase;
			buildActionMask = 2147483647;
			files = (
				9DD9BA7A202BC14C0019E7F1 /* StoragenUITests.swift in Sources */,
			);
			runOnlyForDeploymentPostprocessing = 0;
		};
/* End PBXSourcesBuildPhase section */

/* Begin PBXTargetDependency section */
		9DD9BA6C202BC14C0019E7F1 /* PBXTargetDependency */ = {
			isa = PBXTargetDependency;
			target = 9DD9BA52202BC14C0019E7F1 /* Storagen */;
			targetProxy = 9DD9BA6B202BC14C0019E7F1 /* PBXContainerItemProxy */;
		};
		9DD9BA77202BC14C0019E7F1 /* PBXTargetDependency */ = {
			isa = PBXTargetDependency;
			target = 9DD9BA52202BC14C0019E7F1 /* Storagen */;
			targetProxy = 9DD9BA76202BC14C0019E7F1 /* PBXContainerItemProxy */;
		};
/* End PBXTargetDependency section */

/* Begin PBXVariantGroup section */
		9DD9BA5A202BC14C0019E7F1 /* Main.storyboard */ = {
			isa = PBXVariantGroup;
			children = (
				9DD9BA5B202BC14C0019E7F1 /* Base */,
			);
			name = Main.storyboard;
			sourceTree = "<group>";
		};
/* End PBXVariantGroup section */

/* Begin XCBuildConfiguration section */
		9DD9BA7C202BC14C0019E7F1 /* Debug */ = {
			isa = XCBuildConfiguration;
			buildSettings = {
				ALWAYS_SEARCH_USER_PATHS = NO;
				CLANG_ANALYZER_NONNULL = YES;
				CLANG_ANALYZER_NUMBER_OBJECT_CONVERSION = YES_AGGRESSIVE;
				CLANG_CXX_LANGUAGE_STANDARD = "gnu++14";
				CLANG_CXX_LIBRARY = "libc++";
				CLANG_ENABLE_MODULES = YES;
				CLANG_ENABLE_OBJC_ARC = YES;
				CLANG_WARN_BLOCK_CAPTURE_AUTORELEASING = YES;
				CLANG_WARN_BOOL_CONVERSION = YES;
				CLANG_WARN_COMMA = YES;
				CLANG_WARN_CONSTANT_CONVERSION = YES;
				CLANG_WARN_DIRECT_OBJC_ISA_USAGE = YES_ERROR;
				CLANG_WARN_DOCUMENTATION_COMMENTS = YES;
				CLANG_WARN_EMPTY_BODY = YES;
				CLANG_WARN_ENUM_CONVERSION = YES;
				CLANG_WARN_INFINITE_RECURSION = YES;
				CLANG_WARN_INT_CONVERSION = YES;
				CLANG_WARN_NON_LITERAL_NULL_CONVERSION = YES;
				CLANG_WARN_OBJC_LITERAL_CONVERSION = YES;
				CLANG_WARN_OBJC_ROOT_CLASS = YES_ERROR;
				CLANG_WARN_RANGE_LOOP_ANALYSIS = YES;
				CLANG_WARN_STRICT_PROTOTYPES = YES;
				CLANG_WARN_SUSPICIOUS_MOVE = YES;
				CLANG_WARN_UNGUARDED_AVAILABILITY = YES_AGGRESSIVE;
				CLANG_WARN_UNREACHABLE_CODE = YES;
				CLANG_WARN__DUPLICATE_METHOD_MATCH = YES;
				CODE_SIGN_IDENTITY = "iPhone Developer";
				COPY_PHASE_STRIP = NO;
				DEBUG_INFORMATION_FORMAT = dwarf;
				ENABLE_STRICT_OBJC_MSGSEND = YES;
				ENABLE_TESTABILITY = YES;
				GCC_C_LANGUAGE_STANDARD = gnu11;
				GCC_DYNAMIC_NO_PIC = NO;
				GCC_NO_COMMON_BLOCKS = YES;
				GCC_OPTIMIZATION_LEVEL = 0;
				GCC_PREPROCESSOR_DEFINITIONS = (
					"DEBUG=1",
					"$(inherited)",
				);
				GCC_WARN_64_TO_32_BIT_CONVERSION = YES;
				GCC_WARN_ABOUT_RETURN_TYPE = YES_ERROR;
				GCC_WARN_UNDECLARED_SELECTOR = YES;
				GCC_WARN_UNINITIALIZED_AUTOS = YES_AGGRESSIVE;
				GCC_WARN_UNUSED_FUNCTION = YES;
				GCC_WARN_UNUSED_VARIABLE = YES;
				IPHONEOS_DEPLOYMENT_TARGET = 11.2;
				MTL_ENABLE_DEBUG_INFO = YES;
				ONLY_ACTIVE_ARCH = YES;
				SDKROOT = iphoneos;
				SWIFT_ACTIVE_COMPILATION_CONDITIONS = DEBUG;
				SWIFT_OPTIMIZATION_LEVEL = "-Onone";
			};
			name = Debug;
		};
		9DD9BA7D202BC14C0019E7F1 /* Release */ = {
			isa = XCBuildConfiguration;
			buildSettings = {
				ALWAYS_SEARCH_USER_PATHS = NO;
				CLANG_ANALYZER_NONNULL = YES;
				CLANG_ANALYZER_NUMBER_OBJECT_CONVERSION = YES_AGGRESSIVE;
				CLANG_CXX_LANGUAGE_STANDARD = "gnu++14";
				CLANG_CXX_LIBRARY = "libc++";
				CLANG_ENABLE_MODULES = YES;
				CLANG_ENABLE_OBJC_ARC = YES;
				CLANG_WARN_BLOCK_CAPTURE_AUTORELEASING = YES;
				CLANG_WARN_BOOL_CONVERSION = YES;
				CLANG_WARN_COMMA = YES;
				CLANG_WARN_CONSTANT_CONVERSION = YES;
				CLANG_WARN_DIRECT_OBJC_ISA_USAGE = YES_ERROR;
				CLANG_WARN_DOCUMENTATION_COMMENTS = YES;
				CLANG_WARN_EMPTY_BODY = YES;
				CLANG_WARN_ENUM_CONVERSION = YES;
				CLANG_WARN_INFINITE_RECURSION = YES;
				CLANG_WARN_INT_CONVERSION = YES;
				CLANG_WARN_NON_LITERAL_NULL_CONVERSION = YES;
				CLANG_WARN_OBJC_LITERAL_CONVERSION = YES;
				CLANG_WARN_OBJC_ROOT_CLASS = YES_ERROR;
				CLANG_WARN_RANGE_LOOP_ANALYSIS = YES;
				CLANG_WARN_STRICT_PROTOTYPES = YES;
				CLANG_WARN_SUSPICIOUS_MOVE = YES;
				CLANG_WARN_UNGUARDED_AVAILABILITY = YES_AGGRESSIVE;
				CLANG_WARN_UNREACHABLE_CODE = YES;
				CLANG_WARN__DUPLICATE_METHOD_MATCH = YES;
				CODE_SIGN_IDENTITY = "iPhone Developer";
				COPY_PHASE_STRIP = NO;
				DEBUG_INFORMATION_FORMAT = "dwarf-with-dsym";
				ENABLE_NS_ASSERTIONS = NO;
				ENABLE_STRICT_OBJC_MSGSEND = YES;
				GCC_C_LANGUAGE_STANDARD = gnu11;
				GCC_NO_COMMON_BLOCKS = YES;
				GCC_WARN_64_TO_32_BIT_CONVERSION = YES;
				GCC_WARN_ABOUT_RETURN_TYPE = YES_ERROR;
				GCC_WARN_UNDECLARED_SELECTOR = YES;
				GCC_WARN_UNINITIALIZED_AUTOS = YES_AGGRESSIVE;
				GCC_WARN_UNUSED_FUNCTION = YES;
				GCC_WARN_UNUSED_VARIABLE = YES;
				IPHONEOS_DEPLOYMENT_TARGET = 11.2;
				MTL_ENABLE_DEBUG_INFO = NO;
				SDKROOT = iphoneos;
				SWIFT_OPTIMIZATION_LEVEL = "-Owholemodule";
				VALIDATE_PRODUCT = YES;
			};
			name = Release;
		};
		9DD9BA7F202BC14C0019E7F1 /* Debug */ = {
			isa = XCBuildConfiguration;
			baseConfigurationReference = 926170DAB081F5DD3D22FA7E /* Pods-Storagen.debug.xcconfig */;
			buildSettings = {
				ASSETCATALOG_COMPILER_APPICON_NAME = AppIcon;
				CODE_SIGN_STYLE = Automatic;
				INFOPLIST_FILE = Storagen/Info.plist;
				IPHONEOS_DEPLOYMENT_TARGET = 11.2;
				LD_RUNPATH_SEARCH_PATHS = "$(inherited) @executable_path/Frameworks";
				PRODUCT_BUNDLE_IDENTIFIER = com.TeamRohan.Storagen;
				PRODUCT_NAME = "$(TARGET_NAME)";
				SWIFT_VERSION = 4.0;
				TARGETED_DEVICE_FAMILY = "1,2";
			};
			name = Debug;
		};
		9DD9BA80202BC14C0019E7F1 /* Release */ = {
			isa = XCBuildConfiguration;
			baseConfigurationReference = AE002AEB0BC7088C923B5D9E /* Pods-Storagen.release.xcconfig */;
			buildSettings = {
				ASSETCATALOG_COMPILER_APPICON_NAME = AppIcon;
				CODE_SIGN_STYLE = Automatic;
				INFOPLIST_FILE = Storagen/Info.plist;
				IPHONEOS_DEPLOYMENT_TARGET = 11.2;
				LD_RUNPATH_SEARCH_PATHS = "$(inherited) @executable_path/Frameworks";
				PRODUCT_BUNDLE_IDENTIFIER = com.TeamRohan.Storagen;
				PRODUCT_NAME = "$(TARGET_NAME)";
				SWIFT_VERSION = 4.0;
				TARGETED_DEVICE_FAMILY = "1,2";
			};
			name = Release;
		};
		9DD9BA82202BC14C0019E7F1 /* Debug */ = {
			isa = XCBuildConfiguration;
			baseConfigurationReference = 2D9BB41EA3AB461B39ED8674 /* Pods-StoragenTests.debug.xcconfig */;
			buildSettings = {
				ALWAYS_EMBED_SWIFT_STANDARD_LIBRARIES = YES;
				BUNDLE_LOADER = "$(TEST_HOST)";
				CODE_SIGN_STYLE = Automatic;
				INFOPLIST_FILE = StoragenTests/Info.plist;
				LD_RUNPATH_SEARCH_PATHS = "$(inherited) @executable_path/Frameworks @loader_path/Frameworks";
				PRODUCT_BUNDLE_IDENTIFIER = com.TeamRohan.StoragenTests;
				PRODUCT_NAME = "$(TARGET_NAME)";
				SWIFT_VERSION = 4.0;
				TARGETED_DEVICE_FAMILY = "1,2";
				TEST_HOST = "$(BUILT_PRODUCTS_DIR)/Storagen.app/Storagen";
			};
			name = Debug;
		};
		9DD9BA83202BC14C0019E7F1 /* Release */ = {
			isa = XCBuildConfiguration;
			baseConfigurationReference = C22FB9E4C1539FF5B8340142 /* Pods-StoragenTests.release.xcconfig */;
			buildSettings = {
				ALWAYS_EMBED_SWIFT_STANDARD_LIBRARIES = YES;
				BUNDLE_LOADER = "$(TEST_HOST)";
				CODE_SIGN_STYLE = Automatic;
				INFOPLIST_FILE = StoragenTests/Info.plist;
				LD_RUNPATH_SEARCH_PATHS = "$(inherited) @executable_path/Frameworks @loader_path/Frameworks";
				PRODUCT_BUNDLE_IDENTIFIER = com.TeamRohan.StoragenTests;
				PRODUCT_NAME = "$(TARGET_NAME)";
				SWIFT_VERSION = 4.0;
				TARGETED_DEVICE_FAMILY = "1,2";
				TEST_HOST = "$(BUILT_PRODUCTS_DIR)/Storagen.app/Storagen";
			};
			name = Release;
		};
		9DD9BA85202BC14C0019E7F1 /* Debug */ = {
			isa = XCBuildConfiguration;
			baseConfigurationReference = 2B16827C36D151C2245AB2AA /* Pods-StoragenUITests.debug.xcconfig */;
			buildSettings = {
				ALWAYS_EMBED_SWIFT_STANDARD_LIBRARIES = YES;
				CODE_SIGN_STYLE = Automatic;
				INFOPLIST_FILE = StoragenUITests/Info.plist;
				LD_RUNPATH_SEARCH_PATHS = "$(inherited) @executable_path/Frameworks @loader_path/Frameworks";
				PRODUCT_BUNDLE_IDENTIFIER = com.TeamRohan.StoragenUITests;
				PRODUCT_NAME = "$(TARGET_NAME)";
				SWIFT_VERSION = 4.0;
				TARGETED_DEVICE_FAMILY = "1,2";
				TEST_TARGET_NAME = Storagen;
			};
			name = Debug;
		};
		9DD9BA86202BC14C0019E7F1 /* Release */ = {
			isa = XCBuildConfiguration;
			baseConfigurationReference = D4CEA9843F1699185412C75E /* Pods-StoragenUITests.release.xcconfig */;
			buildSettings = {
				ALWAYS_EMBED_SWIFT_STANDARD_LIBRARIES = YES;
				CODE_SIGN_STYLE = Automatic;
				INFOPLIST_FILE = StoragenUITests/Info.plist;
				LD_RUNPATH_SEARCH_PATHS = "$(inherited) @executable_path/Frameworks @loader_path/Frameworks";
				PRODUCT_BUNDLE_IDENTIFIER = com.TeamRohan.StoragenUITests;
				PRODUCT_NAME = "$(TARGET_NAME)";
				SWIFT_VERSION = 4.0;
				TARGETED_DEVICE_FAMILY = "1,2";
				TEST_TARGET_NAME = Storagen;
			};
			name = Release;
		};
/* End XCBuildConfiguration section */

/* Begin XCConfigurationList section */
		9DD9BA4E202BC14C0019E7F1 /* Build configuration list for PBXProject "Storagen" */ = {
			isa = XCConfigurationList;
			buildConfigurations = (
				9DD9BA7C202BC14C0019E7F1 /* Debug */,
				9DD9BA7D202BC14C0019E7F1 /* Release */,
			);
			defaultConfigurationIsVisible = 0;
			defaultConfigurationName = Release;
		};
		9DD9BA7E202BC14C0019E7F1 /* Build configuration list for PBXNativeTarget "Storagen" */ = {
			isa = XCConfigurationList;
			buildConfigurations = (
				9DD9BA7F202BC14C0019E7F1 /* Debug */,
				9DD9BA80202BC14C0019E7F1 /* Release */,
			);
			defaultConfigurationIsVisible = 0;
			defaultConfigurationName = Release;
		};
		9DD9BA81202BC14C0019E7F1 /* Build configuration list for PBXNativeTarget "StoragenTests" */ = {
			isa = XCConfigurationList;
			buildConfigurations = (
				9DD9BA82202BC14C0019E7F1 /* Debug */,
				9DD9BA83202BC14C0019E7F1 /* Release */,
			);
			defaultConfigurationIsVisible = 0;
			defaultConfigurationName = Release;
		};
		9DD9BA84202BC14C0019E7F1 /* Build configuration list for PBXNativeTarget "StoragenUITests" */ = {
			isa = XCConfigurationList;
			buildConfigurations = (
				9DD9BA85202BC14C0019E7F1 /* Debug */,
				9DD9BA86202BC14C0019E7F1 /* Release */,
			);
			defaultConfigurationIsVisible = 0;
			defaultConfigurationName = Release;
		};
/* End XCConfigurationList section */

/* Begin XCVersionGroup section */
		9DD9BA5D202BC14C0019E7F1 /* Storagen.xcdatamodeld */ = {
			isa = XCVersionGroup;
			children = (
				9DD9BA5E202BC14C0019E7F1 /* Storagen.xcdatamodel */,
			);
			currentVersion = 9DD9BA5E202BC14C0019E7F1 /* Storagen.xcdatamodel */;
			path = Storagen.xcdatamodeld;
			sourceTree = "<group>";
			versionGroupType = wrapper.xcdatamodel;
		};
/* End XCVersionGroup section */
	};
	rootObject = 9DD9BA4B202BC14C0019E7F1 /* Project object */;
}
